
Microsoft Visual Studio Solution File, Format Version 12.00
# Visual Studio 15
VisualStudioVersion = 15.0.35319.79
MinimumVisualStudioVersion = 10.0.40219.1
Project("{8BC9CEB8-8B4A-11D0-8D11-00A0C91BC942}") = "OfficeToPdfConverter", "OfficeToPdfConverter\OfficeToPdfConverter.vcxproj", "{CE0B8D18-21FA-44C5-B871-DC09DED4070D}"
EndProject
Global
	GlobalSection(SolutionConfigurationPlatforms) = preSolution
		Debug|x64 = Debug|x64
		Debug|x86 = Debug|x86
		Release|x64 = Release|x64
		Release|x86 = Release|x86
	EndGlobalSection
	GlobalSection(ProjectConfigurationPlatforms) = postSolution
		{CE0B8D18-21FA-44C5-B871-DC09DED4070D}.Debug|x64.ActiveCfg = Debug|x64
		{CE0B8D18-21FA-44C5-B871-DC09DED4070D}.Debug|x64.Build.0 = Debug|x64
		{CE0B8D18-21FA-44C5-B871-DC09DED4070D}.Debug|x86.ActiveCfg = Debug|Win32
		{CE0B8D18-21FA-44C5-B871-DC09DED4070D}.Debug|x86.Build.0 = Debug|Win32
		{CE0B8D18-21FA-44C5-B871-DC09DED4070D}.Release|x64.ActiveCfg = Release|x64
		{CE0B8D18-21FA-44C5-B871-DC09DED4070D}.Release|x64.Build.0 = Release|x64
		{CE0B8D18-21FA-44C5-B871-DC09DED4070D}.Release|x86.ActiveCfg = Release|Win32
		{CE0B8D18-21FA-44C5-B871-DC09DED4070D}.Release|x86.Build.0 = Release|Win32
	EndGlobalSection
	GlobalSection(SolutionProperties) = preSolution
		HideSolutionNode = FALSE
	EndGlobalSection
	GlobalSection(ExtensibilityGlobals) = postSolution
		SolutionGuid = {7A730924-FADA-4AFB-A965-3AE7DF39D967}
	EndGlobalSection
EndGlobal
